
Microsoft Visual Studio Solution File, Format Version 12.00
# Visual Studio Version 17
VisualStudioVersion = 17.2.32602.215
MinimumVisualStudioVersion = 10.0.40219.1
Project("{2150E333-8FDC-42A3-9474-1A3956D46DE8}") = "Web", "Web", "{B58BE4A6-646B-4D4E-AB70-F6D4522BF0FE}"
EndProject
Project("{2150E333-8FDC-42A3-9474-1A3956D46DE8}") = "src", "src", "{AFE69C25-ADAC-4820-9277-CD6C54B612CF}"
EndProject
Project("{2150E333-8FDC-42A3-9474-1A3956D46DE8}") = "BuildingBlocks", "BuildingBlocks", "{91C0A23D-6027-4B11-BA1E-ADD1B28CA920}"
EndProject
Project("{2150E333-8FDC-42A3-9474-1A3956D46DE8}") = "Services", "Services", "{540B1F53-1FD5-41DE-9DD0-9400257EF376}"
EndProject
Project("{2150E333-8FDC-42A3-9474-1A3956D46DE8}") = "Identidade", "Identidade", "{4F02E7D6-4B8B-4CF2-9B8F-88700A40E606}"
EndProject
Project("{FAE04EC0-301F-11D3-BF4B-00C04F79EFBC}") = "Ese.Identidade.Api", "src\services\Ese.Identidade.Api\Ese.Identidade.Api.csproj", "{1000092B-746C-4FA7-8605-F423E6A6AC39}"
EndProject
Project("{2150E333-8FDC-42A3-9474-1A3956D46DE8}") = "Mvc", "Mvc", "{AF5E7836-5FFD-4521-B8EC-E3A8DF681315}"
EndProject
Project("{FAE04EC0-301F-11D3-BF4B-00C04F79EFBC}") = "Ese.WebApp.Mvc", "src\web\Ese.WebApp.Mvc\Ese.WebApp.Mvc.csproj", "{85C4AC5F-9614-4C4F-843E-4EB37AD5CE48}"
EndProject
Project("{2150E333-8FDC-42A3-9474-1A3956D46DE8}") = "Core", "Core", "{D30556F3-DCC7-43E3-B168-9C532D4F7A78}"
EndProject
Project("{FAE04EC0-301F-11D3-BF4B-00C04F79EFBC}") = "Ese.Core", "src\buildingBlocks\Ese.Core\Ese.Core.csproj", "{9F18B550-4B9D-4C32-807F-3519C8E06429}"
EndProject
Project("{2150E333-8FDC-42A3-9474-1A3956D46DE8}") = "Carrinho", "Carrinho", "{2422BB71-DDF4-4C9A-B608-0779C64D0FA3}"
EndProject
Project("{2150E333-8FDC-42A3-9474-1A3956D46DE8}") = "Catalogo", "Catalogo", "{21CFBAFA-C9ED-4AC4-8192-736E50ADDE59}"
EndProject
Project("{2150E333-8FDC-42A3-9474-1A3956D46DE8}") = "Cliente", "Cliente", "{C17872F7-A9AE-4F7D-B943-F1104D74D348}"
EndProject
Project("{2150E333-8FDC-42A3-9474-1A3956D46DE8}") = "Pagamento", "Pagamento", "{1E26516A-4FF5-4371-8DDF-EC1A23955D0E}"
EndProject
Project("{2150E333-8FDC-42A3-9474-1A3956D46DE8}") = "Pedido", "Pedido", "{BB1CF0A7-4845-4090-922A-31E98BE54EFB}"
EndProject
Project("{FAE04EC0-301F-11D3-BF4B-00C04F79EFBC}") = "Ese.Carrinho.Api", "src\services\Ese.Carrinho.Api\Ese.Carrinho.Api.csproj", "{CDA0195C-B365-4E95-885A-0F6BBC9F5AA2}"
EndProject
Project("{FAE04EC0-301F-11D3-BF4B-00C04F79EFBC}") = "Ese.Catalogo.Api", "src\services\Ese.Catalogo.Api\Ese.Catalogo.Api.csproj", "{16121AC0-1188-49C3-8D02-3B3759C19641}"
EndProject
Project("{FAE04EC0-301F-11D3-BF4B-00C04F79EFBC}") = "Ese.Cliente.Api", "src\services\Ese.Cliente.Api\Ese.Cliente.Api.csproj", "{9AED668B-8DA7-4484-8A2B-7EECA390720C}"
EndProject
Project("{FAE04EC0-301F-11D3-BF4B-00C04F79EFBC}") = "Ese.Pagamento.Api", "src\services\Ese.Pagamento.Api\Ese.Pagamento.Api.csproj", "{0DEEF110-77B3-4A8D-A0EC-01631264EC44}"
EndProject
Project("{FAE04EC0-301F-11D3-BF4B-00C04F79EFBC}") = "Ese.Pedido.Api", "src\services\Ese.Pedido.Api\Ese.Pedido.Api.csproj", "{DE7EB917-EAE4-4963-A773-493D73787C48}"
EndProject
Global
	GlobalSection(SolutionConfigurationPlatforms) = preSolution
		Debug|Any CPU = Debug|Any CPU
		Release|Any CPU = Release|Any CPU
	EndGlobalSection
	GlobalSection(ProjectConfigurationPlatforms) = postSolution
		{1000092B-746C-4FA7-8605-F423E6A6AC39}.Debug|Any CPU.ActiveCfg = Debug|Any CPU
		{1000092B-746C-4FA7-8605-F423E6A6AC39}.Debug|Any CPU.Build.0 = Debug|Any CPU
		{1000092B-746C-4FA7-8605-F423E6A6AC39}.Release|Any CPU.ActiveCfg = Release|Any CPU
		{1000092B-746C-4FA7-8605-F423E6A6AC39}.Release|Any CPU.Build.0 = Release|Any CPU
		{85C4AC5F-9614-4C4F-843E-4EB37AD5CE48}.Debug|Any CPU.ActiveCfg = Debug|Any CPU
		{85C4AC5F-9614-4C4F-843E-4EB37AD5CE48}.Debug|Any CPU.Build.0 = Debug|Any CPU
		{85C4AC5F-9614-4C4F-843E-4EB37AD5CE48}.Release|Any CPU.ActiveCfg = Release|Any CPU
		{85C4AC5F-9614-4C4F-843E-4EB37AD5CE48}.Release|Any CPU.Build.0 = Release|Any CPU
		{9F18B550-4B9D-4C32-807F-3519C8E06429}.Debug|Any CPU.ActiveCfg = Debug|Any CPU
		{9F18B550-4B9D-4C32-807F-3519C8E06429}.Debug|Any CPU.Build.0 = Debug|Any CPU
		{9F18B550-4B9D-4C32-807F-3519C8E06429}.Release|Any CPU.ActiveCfg = Release|Any CPU
		{9F18B550-4B9D-4C32-807F-3519C8E06429}.Release|Any CPU.Build.0 = Release|Any CPU
		{CDA0195C-B365-4E95-885A-0F6BBC9F5AA2}.Debug|Any CPU.ActiveCfg = Debug|Any CPU
		{CDA0195C-B365-4E95-885A-0F6BBC9F5AA2}.Debug|Any CPU.Build.0 = Debug|Any CPU
		{CDA0195C-B365-4E95-885A-0F6BBC9F5AA2}.Release|Any CPU.ActiveCfg = Release|Any CPU
		{CDA0195C-B365-4E95-885A-0F6BBC9F5AA2}.Release|Any CPU.Build.0 = Release|Any CPU
		{16121AC0-1188-49C3-8D02-3B3759C19641}.Debug|Any CPU.ActiveCfg = Debug|Any CPU
		{16121AC0-1188-49C3-8D02-3B3759C19641}.Debug|Any CPU.Build.0 = Debug|Any CPU
		{16121AC0-1188-49C3-8D02-3B3759C19641}.Release|Any CPU.ActiveCfg = Release|Any CPU
		{16121AC0-1188-49C3-8D02-3B3759C19641}.Release|Any CPU.Build.0 = Release|Any CPU
		{9AED668B-8DA7-4484-8A2B-7EECA390720C}.Debug|Any CPU.ActiveCfg = Debug|Any CPU
		{9AED668B-8DA7-4484-8A2B-7EECA390720C}.Debug|Any CPU.Build.0 = Debug|Any CPU
		{9AED668B-8DA7-4484-8A2B-7EECA390720C}.Release|Any CPU.ActiveCfg = Release|Any CPU
		{9AED668B-8DA7-4484-8A2B-7EECA390720C}.Release|Any CPU.Build.0 = Release|Any CPU
		{0DEEF110-77B3-4A8D-A0EC-01631264EC44}.Debug|Any CPU.ActiveCfg = Debug|Any CPU
		{0DEEF110-77B3-4A8D-A0EC-01631264EC44}.Debug|Any CPU.Build.0 = Debug|Any CPU
		{0DEEF110-77B3-4A8D-A0EC-01631264EC44}.Release|Any CPU.ActiveCfg = Release|Any CPU
		{0DEEF110-77B3-4A8D-A0EC-01631264EC44}.Release|Any CPU.Build.0 = Release|Any CPU
		{DE7EB917-EAE4-4963-A773-493D73787C48}.Debug|Any CPU.ActiveCfg = Debug|Any CPU
		{DE7EB917-EAE4-4963-A773-493D73787C48}.Debug|Any CPU.Build.0 = Debug|Any CPU
		{DE7EB917-EAE4-4963-A773-493D73787C48}.Release|Any CPU.ActiveCfg = Release|Any CPU
		{DE7EB917-EAE4-4963-A773-493D73787C48}.Release|Any CPU.Build.0 = Release|Any CPU
	EndGlobalSection
	GlobalSection(SolutionProperties) = preSolution
		HideSolutionNode = FALSE
	EndGlobalSection
	GlobalSection(NestedProjects) = preSolution
		{B58BE4A6-646B-4D4E-AB70-F6D4522BF0FE} = {AFE69C25-ADAC-4820-9277-CD6C54B612CF}
		{91C0A23D-6027-4B11-BA1E-ADD1B28CA920} = {AFE69C25-ADAC-4820-9277-CD6C54B612CF}
		{540B1F53-1FD5-41DE-9DD0-9400257EF376} = {AFE69C25-ADAC-4820-9277-CD6C54B612CF}
		{4F02E7D6-4B8B-4CF2-9B8F-88700A40E606} = {540B1F53-1FD5-41DE-9DD0-9400257EF376}
		{1000092B-746C-4FA7-8605-F423E6A6AC39} = {4F02E7D6-4B8B-4CF2-9B8F-88700A40E606}
		{AF5E7836-5FFD-4521-B8EC-E3A8DF681315} = {B58BE4A6-646B-4D4E-AB70-F6D4522BF0FE}
		{85C4AC5F-9614-4C4F-843E-4EB37AD5CE48} = {AF5E7836-5FFD-4521-B8EC-E3A8DF681315}
		{D30556F3-DCC7-43E3-B168-9C532D4F7A78} = {91C0A23D-6027-4B11-BA1E-ADD1B28CA920}
		{9F18B550-4B9D-4C32-807F-3519C8E06429} = {D30556F3-DCC7-43E3-B168-9C532D4F7A78}
		{2422BB71-DDF4-4C9A-B608-0779C64D0FA3} = {540B1F53-1FD5-41DE-9DD0-9400257EF376}
		{21CFBAFA-C9ED-4AC4-8192-736E50ADDE59} = {540B1F53-1FD5-41DE-9DD0-9400257EF376}
		{C17872F7-A9AE-4F7D-B943-F1104D74D348} = {540B1F53-1FD5-41DE-9DD0-9400257EF376}
		{1E26516A-4FF5-4371-8DDF-EC1A23955D0E} = {540B1F53-1FD5-41DE-9DD0-9400257EF376}
		{BB1CF0A7-4845-4090-922A-31E98BE54EFB} = {540B1F53-1FD5-41DE-9DD0-9400257EF376}
		{CDA0195C-B365-4E95-885A-0F6BBC9F5AA2} = {2422BB71-DDF4-4C9A-B608-0779C64D0FA3}
		{16121AC0-1188-49C3-8D02-3B3759C19641} = {21CFBAFA-C9ED-4AC4-8192-736E50ADDE59}
		{9AED668B-8DA7-4484-8A2B-7EECA390720C} = {C17872F7-A9AE-4F7D-B943-F1104D74D348}
		{0DEEF110-77B3-4A8D-A0EC-01631264EC44} = {1E26516A-4FF5-4371-8DDF-EC1A23955D0E}
		{DE7EB917-EAE4-4963-A773-493D73787C48} = {BB1CF0A7-4845-4090-922A-31E98BE54EFB}
	EndGlobalSection
	GlobalSection(ExtensibilityGlobals) = postSolution
		SolutionGuid = {BD2DC93A-C268-4CF3-B7B7-594D4FC34B12}
	EndGlobalSection
EndGlobal
